
Microsoft Visual Studio Solution File, Format Version 12.00
# Visual Studio Version 17
VisualStudioVersion = 17.12.35514.174
MinimumVisualStudioVersion = 10.0.40219.1
Project("{FAE04EC0-301F-11D3-BF4B-00C04F79EFBC}") = "SnakeGame", "FinalGame\SnakeGame.csproj", "{BE6349D3-12D2-4424-90D3-585712559092}"
EndProject
Project("{FAE04EC0-301F-11D3-BF4B-00C04F79EFBC}") = "SnakeGameDesktop", "FinalGameDesktop\SnakeGameDesktop.csproj", "{DE1EE5FE-E1C7-4A47-8437-FE10768BD2BF}"
EndProject
Project("{FAE04EC0-301F-11D3-BF4B-00C04F79EFBC}") = "GameAssets", "GameAssets\GameAssets.csproj", "{E4B7F930-0E1D-4F4F-8FA8-5C47D574276D}"
EndProject
Project("{54435603-DBB4-11D2-8724-00A0C9A8B90C}") = "SnakeGameInstaller", "SnakeGameInstaller\SnakeGameInstaller.vdproj", "{A57E6625-932E-4DDE-AF97-A39A9C87F793}"
EndProject
Project("{FAE04EC0-301F-11D3-BF4B-00C04F79EFBC}") = "SnakeGame.Android", "SnakeGame.Android\SnakeGame.Android.csproj", "{5870B0D8-97E7-4937-A334-ABC5CFFA4AED}"
EndProject
Global
	GlobalSection(SolutionConfigurationPlatforms) = preSolution
		Debug|Any CPU = Debug|Any CPU
		Release|Any CPU = Release|Any CPU
	EndGlobalSection
	GlobalSection(ProjectConfigurationPlatforms) = postSolution
		{BE6349D3-12D2-4424-90D3-585712559092}.Debug|Any CPU.ActiveCfg = Debug|Any CPU
		{BE6349D3-12D2-4424-90D3-585712559092}.Debug|Any CPU.Build.0 = Debug|Any CPU
		{BE6349D3-12D2-4424-90D3-585712559092}.Release|Any CPU.ActiveCfg = Release|Any CPU
		{BE6349D3-12D2-4424-90D3-585712559092}.Release|Any CPU.Build.0 = Release|Any CPU
		{DE1EE5FE-E1C7-4A47-8437-FE10768BD2BF}.Debug|Any CPU.ActiveCfg = Debug|Any CPU
		{DE1EE5FE-E1C7-4A47-8437-FE10768BD2BF}.Debug|Any CPU.Build.0 = Debug|Any CPU
		{DE1EE5FE-E1C7-4A47-8437-FE10768BD2BF}.Release|Any CPU.ActiveCfg = Release|Any CPU
		{DE1EE5FE-E1C7-4A47-8437-FE10768BD2BF}.Release|Any CPU.Build.0 = Release|Any CPU
		{E4B7F930-0E1D-4F4F-8FA8-5C47D574276D}.Debug|Any CPU.ActiveCfg = Debug|Any CPU
		{E4B7F930-0E1D-4F4F-8FA8-5C47D574276D}.Debug|Any CPU.Build.0 = Debug|Any CPU
		{E4B7F930-0E1D-4F4F-8FA8-5C47D574276D}.Release|Any CPU.ActiveCfg = Release|Any CPU
		{E4B7F930-0E1D-4F4F-8FA8-5C47D574276D}.Release|Any CPU.Build.0 = Release|Any CPU
		{A57E6625-932E-4DDE-AF97-A39A9C87F793}.Debug|Any CPU.ActiveCfg = Debug
		{A57E6625-932E-4DDE-AF97-A39A9C87F793}.Debug|Any CPU.Build.0 = Debug
		{A57E6625-932E-4DDE-AF97-A39A9C87F793}.Release|Any CPU.ActiveCfg = Release
		{A57E6625-932E-4DDE-AF97-A39A9C87F793}.Release|Any CPU.Build.0 = Release
		{5870B0D8-97E7-4937-A334-ABC5CFFA4AED}.Debug|Any CPU.ActiveCfg = Debug|Any CPU
		{5870B0D8-97E7-4937-A334-ABC5CFFA4AED}.Debug|Any CPU.Build.0 = Debug|Any CPU
		{5870B0D8-97E7-4937-A334-ABC5CFFA4AED}.Debug|Any CPU.Deploy.0 = Debug|Any CPU
		{5870B0D8-97E7-4937-A334-ABC5CFFA4AED}.Release|Any CPU.ActiveCfg = Release|Any CPU
		{5870B0D8-97E7-4937-A334-ABC5CFFA4AED}.Release|Any CPU.Build.0 = Release|Any CPU
		{5870B0D8-97E7-4937-A334-ABC5CFFA4AED}.Release|Any CPU.Deploy.0 = Release|Any CPU
	EndGlobalSection
	GlobalSection(SolutionProperties) = preSolution
		HideSolutionNode = FALSE
	EndGlobalSection
EndGlobal
